
Microsoft Visual Studio Solution File, Format Version 12.00
# Visual Studio 15
VisualStudioVersion = 15.0.28010.2050
MinimumVisualStudioVersion = 10.0.40219.1
Project("{FAE04EC0-301F-11D3-BF4B-00C04F79EFBC}") = "WebAruhaz", "WebAruhaz\WebAruhaz.csproj", "{FD356507-350C-4D1A-B9E2-B9FFEFDA8F9F}"
EndProject
Global
	GlobalSection(SolutionConfigurationPlatforms) = preSolution
		Debug|Any CPU = Debug|Any CPU
		Release|Any CPU = Release|Any CPU
	EndGlobalSection
	GlobalSection(ProjectConfigurationPlatforms) = postSolution
		{FD356507-350C-4D1A-B9E2-B9FFEFDA8F9F}.Debug|Any CPU.ActiveCfg = Debug|Any CPU
		{FD356507-350C-4D1A-B9E2-B9FFEFDA8F9F}.Debug|Any CPU.Build.0 = Debug|Any CPU
		{FD356507-350C-4D1A-B9E2-B9FFEFDA8F9F}.Release|Any CPU.ActiveCfg = Release|Any CPU
		{FD356507-350C-4D1A-B9E2-B9FFEFDA8F9F}.Release|Any CPU.Build.0 = Release|Any CPU
	EndGlobalSection
	GlobalSection(SolutionProperties) = preSolution
		HideSolutionNode = FALSE
	EndGlobalSection
	GlobalSection(ExtensibilityGlobals) = postSolution
		SolutionGuid = {F4ED9F9E-3C84-47AE-B15D-B805DCC252E8}
	EndGlobalSection
EndGlobal
